// !$*UTF8*$!
{
	archiveVersion = 1;
	classes = {
	};
	objectVersion = 77;
	objects = {

/* Begin PBXBuildFile section */
		E74248CE2F7D2670003ECA6B /* MLX in Frameworks */ = {isa = PBXBuildFile; productRef = E7B001012F7D30000001P001 /* MLX */; };
		E74248CF2F7D2670003ECA6B /* MLXNN in Frameworks */ = {isa = PBXBuildFile; productRef = E7B001012F7D30000001P002 /* MLXNN */; };
		E74248D02F7D2670003ECA6B /* MLXRandom in Frameworks */ = {isa = PBXBuildFile; productRef = E7B001012F7D30000001P003 /* MLXRandom */; };
		E74248D12F7D2670003ECA6B /* MLXLMCommon in Frameworks */ = {isa = PBXBuildFile; productRef = E7B001012F7D30000001P004 /* MLXLMCommon */; };
		E74248D22F7D2670003ECA6B /* MLXLLM in Frameworks */ = {isa = PBXBuildFile; productRef = E7B001012F7D30000001P005 /* MLXLLM */; };
		E74248D32F7D2670003ECA6B /* MLXVLM in Frameworks */ = {isa = PBXBuildFile; productRef = E7B001012F7D30000001P006 /* MLXVLM */; };
		E74248D42F7D2670003ECA6B /* MLXFFT in Frameworks */ = {isa = PBXBuildFile; productRef = E7B001012F7D30000001P007 /* MLXFFT */; };
		E74248D52F7D2670003ECA6B /* ZIPFoundation in Frameworks */ = {isa = PBXBuildFile; productRef = E7B001012F7D30000001P008 /* ZIPFoundation */; };
		E74248D62F7D2670003ECA6B /* GRDB in Frameworks */ = {isa = PBXBuildFile; productRef = E7B001012F7D30000001P009 /* GRDB */; };
		E74248D72F7D2670003ECA6B /* MLXLMTokenizers in Frameworks */ = {isa = PBXBuildFile; productRef = E7B001012F7D30000001P010 /* MLXLMTokenizers */; };
		E74248D82F7D2670003ECA6B /* Textual in Frameworks */ = {isa = PBXBuildFile; productRef = E7B001012F7D30000001P011 /* Textual */; };
		E7A1A10E2F9001000001A10E /* iMLXAlarmWidgetExtension.appex in Embed Foundation Extensions */ = {isa = PBXBuildFile; fileRef = E7A1A1012F9001000001A101 /* iMLXAlarmWidgetExtension.appex */; settings = {ATTRIBUTES = (RemoveHeadersOnCopy, ); }; };
		E7C100012F9000010061F6D5 /* XCTest.framework in Frameworks */ = {isa = PBXBuildFile; fileRef = E7C100032F9000010061F6D5 /* XCTest.framework */; };
		E7D100012FA000000061F6D5 /* MLX in Frameworks */ = {isa = PBXBuildFile; productRef = E7B001012F7D30000001P001 /* MLX */; };
		E7D100022FA000000061F6D5 /* MLXNN in Frameworks */ = {isa = PBXBuildFile; productRef = E7B001012F7D30000001P002 /* MLXNN */; };
		E7D100032FA000000061F6D5 /* MLXRandom in Frameworks */ = {isa = PBXBuildFile; productRef = E7B001012F7D30000001P003 /* MLXRandom */; };
		E7D100042FA000000061F6D5 /* MLXLMCommon in Frameworks */ = {isa = PBXBuildFile; productRef = E7B001012F7D30000001P004 /* MLXLMCommon */; };
		E7D100052FA000000061F6D5 /* MLXLLM in Frameworks */ = {isa = PBXBuildFile; productRef = E7B001012F7D30000001P005 /* MLXLLM */; };
		E7D100062FA000000061F6D5 /* MLXVLM in Frameworks */ = {isa = PBXBuildFile; productRef = E7B001012F7D30000001P006 /* MLXVLM */; };
		E7D100072FA000000061F6D5 /* MLXFFT in Frameworks */ = {isa = PBXBuildFile; productRef = E7B001012F7D30000001P007 /* MLXFFT */; };
		E7D100082FA000000061F6D5 /* ZIPFoundation in Frameworks */ = {isa = PBXBuildFile; productRef = E7B001012F7D30000001P008 /* ZIPFoundation */; };
		E7D100092FA000000061F6D5 /* GRDB in Frameworks */ = {isa = PBXBuildFile; productRef = E7B001012F7D30000001P009 /* GRDB */; };
		E7D1000A2FA000000061F6D5 /* MLXLMTokenizers in Frameworks */ = {isa = PBXBuildFile; productRef = E7B001012F7D30000001P010 /* MLXLMTokenizers */; };
		E7D1000B2FA000000061F6D5 /* Textual in Frameworks */ = {isa = PBXBuildFile; productRef = E7B001012F7D30000001P011 /* Textual */; };
		E7D1000C2FA000000061F6D5 /* XCTest.framework in Frameworks */ = {isa = PBXBuildFile; fileRef = E7C100032F9000010061F6D5 /* XCTest.framework */; };
/* End PBXBuildFile section */

/* Begin PBXContainerItemProxy section */
		E7A1A10B2F9001000001A10B /* PBXContainerItemProxy */ = {
			isa = PBXContainerItemProxy;
			containerPortal = E73069F82F7D21010061F6D5 /* Project object */;
			proxyType = 1;
			remoteGlobalIDString = E7A1A1022F9001000001A102;
			remoteInfo = iMLXAlarmWidgetExtension;
		};
		E7C100072F9000010061F6D5 /* PBXContainerItemProxy */ = {
			isa = PBXContainerItemProxy;
			containerPortal = E73069F82F7D21010061F6D5 /* Project object */;
			proxyType = 1;
			remoteGlobalIDString = E73069FF2F7D21010061F6D5;
			remoteInfo = iMLX;
		};
		E7D400012FA000000061F6D5 /* PBXContainerItemProxy */ = {
			isa = PBXContainerItemProxy;
			containerPortal = E73069F82F7D21010061F6D5 /* Project object */;
			proxyType = 1;
			remoteGlobalIDString = E7D300012FA000000061F6D5;
			remoteInfo = iMLXMac;
		};
/* End PBXContainerItemProxy section */

/* Begin PBXCopyFilesBuildPhase section */
		E7A1A10D2F9001000001A10D /* Embed Foundation Extensions */ = {
			isa = PBXCopyFilesBuildPhase;
			buildActionMask = 2147483647;
			dstPath = "";
			dstSubfolderSpec = 13;
			files = (
				E7A1A10E2F9001000001A10E /* iMLXAlarmWidgetExtension.appex in Embed Foundation Extensions */,
			);
			name = "Embed Foundation Extensions";
			runOnlyForDeploymentPostprocessing = 0;
		};
/* End PBXCopyFilesBuildPhase section */

/* Begin PBXFileReference section */
		E7306A002F7D21010061F6D5 /* iMLX.app */ = {isa = PBXFileReference; explicitFileType = wrapper.application; includeInIndex = 0; path = iMLX.app; sourceTree = BUILT_PRODUCTS_DIR; };
		E7A1A1012F9001000001A101 /* iMLXAlarmWidgetExtension.appex */ = {isa = PBXFileReference; explicitFileType = "wrapper.app-extension"; includeInIndex = 0; path = iMLXAlarmWidgetExtension.appex; sourceTree = BUILT_PRODUCTS_DIR; };
		E7C100022F9000010061F6D5 /* iMLXTests.xctest */ = {isa = PBXFileReference; explicitFileType = wrapper.cfbundle; includeInIndex = 0; path = iMLXTests.xctest; sourceTree = BUILT_PRODUCTS_DIR; };
		E7C100032F9000010061F6D5 /* XCTest.framework */ = {isa = PBXFileReference; lastKnownFileType = wrapper.framework; name = XCTest.framework; path = System/Library/Frameworks/XCTest.framework; sourceTree = SDKROOT; };
		E7D001012FA000000061F6D5 /* iMLXMac.app */ = {isa = PBXFileReference; explicitFileType = wrapper.application; includeInIndex = 0; path = iMLXMac.app; sourceTree = BUILT_PRODUCTS_DIR; };
		E7D001022FA000000061F6D5 /* iMLXMacTests.xctest */ = {isa = PBXFileReference; explicitFileType = wrapper.cfbundle; includeInIndex = 0; path = iMLXMacTests.xctest; sourceTree = BUILT_PRODUCTS_DIR; };
/* End PBXFileReference section */

/* Begin PBXFileSystemSynchronizedBuildFileExceptionSet section */
		E7A1A10A2F9001000001A10A /* Exceptions for "iMLX" folder in "iMLXAlarmWidgetExtension" target */ = {
			isa = PBXFileSystemSynchronizedBuildFileExceptionSet;
			membershipExceptions = (
				Services/Platform/IMLXTimerMetadata.swift,
			);
			target = E7A1A1022F9001000001A102 /* iMLXAlarmWidgetExtension */;
		};
/* End PBXFileSystemSynchronizedBuildFileExceptionSet section */

/* Begin PBXFileSystemSynchronizedRootGroup section */
		E7306A022F7D21010061F6D5 /* iMLX */ = {
			isa = PBXFileSystemSynchronizedRootGroup;
			exceptions = (
				E7A1A10A2F9001000001A10A /* Exceptions for "iMLX" folder in "iMLXAlarmWidgetExtension" target */,
			);
			path = iMLX;
			sourceTree = "<group>";
		};
		E7A1A1092F9001000001A109 /* iMLXAlarmWidget */ = {
			isa = PBXFileSystemSynchronizedRootGroup;
			path = iMLXAlarmWidget;
			sourceTree = "<group>";
		};
		E7C100042F9000010061F6D5 /* iMLXTests */ = {
			isa = PBXFileSystemSynchronizedRootGroup;
			path = iMLXTests;
			sourceTree = "<group>";
		};
/* End PBXFileSystemSynchronizedRootGroup section */

/* Begin PBXFrameworksBuildPhase section */
		E73069FD2F7D21010061F6D5 /* Frameworks */ = {
			isa = PBXFrameworksBuildPhase;
			buildActionMask = 2147483647;
			files = (
				E74248D62F7D2670003ECA6B /* GRDB in Frameworks */,
				E74248D52F7D2670003ECA6B /* ZIPFoundation in Frameworks */,
				E74248D42F7D2670003ECA6B /* MLXFFT in Frameworks */,
				E74248D82F7D2670003ECA6B /* Textual in Frameworks */,
				E74248D72F7D2670003ECA6B /* MLXLMTokenizers in Frameworks */,
				E74248D32F7D2670003ECA6B /* MLXVLM in Frameworks */,
				E74248D22F7D2670003ECA6B /* MLXLLM in Frameworks */,
				E74248D12F7D2670003ECA6B /* MLXLMCommon in Frameworks */,
				E74248D02F7D2670003ECA6B /* MLXRandom in Frameworks */,
				E74248CF2F7D2670003ECA6B /* MLXNN in Frameworks */,
				E74248CE2F7D2670003ECA6B /* MLX in Frameworks */,
			);
			runOnlyForDeploymentPostprocessing = 0;
		};
		E7A1A1042F9001000001A104 /* Frameworks */ = {
			isa = PBXFrameworksBuildPhase;
			buildActionMask = 2147483647;
			files = (
			);
			runOnlyForDeploymentPostprocessing = 0;
		};
		E7C100052F9000010061F6D5 /* Frameworks */ = {
			isa = PBXFrameworksBuildPhase;
			buildActionMask = 2147483647;
			files = (
				E7C100012F9000010061F6D5 /* XCTest.framework in Frameworks */,
			);
			runOnlyForDeploymentPostprocessing = 0;
		};
		E7D200022FA000000061F6D5 /* Frameworks */ = {
			isa = PBXFrameworksBuildPhase;
			buildActionMask = 2147483647;
			files = (
				E7D100092FA000000061F6D5 /* GRDB in Frameworks */,
				E7D100082FA000000061F6D5 /* ZIPFoundation in Frameworks */,
				E7D100072FA000000061F6D5 /* MLXFFT in Frameworks */,
				E7D1000B2FA000000061F6D5 /* Textual in Frameworks */,
				E7D1000A2FA000000061F6D5 /* MLXLMTokenizers in Frameworks */,
				E7D100062FA000000061F6D5 /* MLXVLM in Frameworks */,
				E7D100052FA000000061F6D5 /* MLXLLM in Frameworks */,
				E7D100042FA000000061F6D5 /* MLXLMCommon in Frameworks */,
				E7D100032FA000000061F6D5 /* MLXRandom in Frameworks */,
				E7D100022FA000000061F6D5 /* MLXNN in Frameworks */,
				E7D100012FA000000061F6D5 /* MLX in Frameworks */,
			);
			runOnlyForDeploymentPostprocessing = 0;
		};
		E7D200052FA000000061F6D5 /* Frameworks */ = {
			isa = PBXFrameworksBuildPhase;
			buildActionMask = 2147483647;
			files = (
				E7D1000C2FA000000061F6D5 /* XCTest.framework in Frameworks */,
			);
			runOnlyForDeploymentPostprocessing = 0;
		};
/* End PBXFrameworksBuildPhase section */

/* Begin PBXGroup section */
		E70E10602F96CCC500CA643C /* Recovered References */ = {
			isa = PBXGroup;
			children = (
				E7C100032F9000010061F6D5 /* XCTest.framework */,
			);
			name = "Recovered References";
			sourceTree = "<group>";
		};
		E73069F72F7D21010061F6D5 = {
			isa = PBXGroup;
			children = (
				E7306A022F7D21010061F6D5 /* iMLX */,
				E7A1A1092F9001000001A109 /* iMLXAlarmWidget */,
				E7C100042F9000010061F6D5 /* iMLXTests */,
				E7306A012F7D21010061F6D5 /* Products */,
				E70E10602F96CCC500CA643C /* Recovered References */,
			);
			sourceTree = "<group>";
		};
		E7306A012F7D21010061F6D5 /* Products */ = {
			isa = PBXGroup;
			children = (
				E7306A002F7D21010061F6D5 /* iMLX.app */,
				E7C100022F9000010061F6D5 /* iMLXTests.xctest */,
				E7A1A1012F9001000001A101 /* iMLXAlarmWidgetExtension.appex */,
				E7D001012FA000000061F6D5 /* iMLXMac.app */,
				E7D001022FA000000061F6D5 /* iMLXMacTests.xctest */,
			);
			name = Products;
			sourceTree = "<group>";
		};
/* End PBXGroup section */

/* Begin PBXNativeTarget section */
		E73069FF2F7D21010061F6D5 /* iMLX */ = {
			isa = PBXNativeTarget;
			buildConfigurationList = E7306A0B2F7D21030061F6D5 /* Build configuration list for PBXNativeTarget "iMLX" */;
			buildPhases = (
				E73069FC2F7D21010061F6D5 /* Sources */,
				E73069FD2F7D21010061F6D5 /* Frameworks */,
				E73069FE2F7D21010061F6D5 /* Resources */,
				E7A1A10D2F9001000001A10D /* Embed Foundation Extensions */,
			);
			buildRules = (
			);
			dependencies = (
				E7A1A10C2F9001000001A10C /* PBXTargetDependency */,
			);
			fileSystemSynchronizedGroups = (
				E7306A022F7D21010061F6D5 /* iMLX */,
			);
			name = iMLX;
			packageProductDependencies = (
				E7B001012F7D30000001P001 /* MLX */,
				E7B001012F7D30000001P002 /* MLXNN */,
				E7B001012F7D30000001P003 /* MLXRandom */,
				E7B001012F7D30000001P004 /* MLXLMCommon */,
				E7B001012F7D30000001P005 /* MLXLLM */,
				E7B001012F7D30000001P006 /* MLXVLM */,
				E7B001012F7D30000001P007 /* MLXFFT */,
				E7B001012F7D30000001P008 /* ZIPFoundation */,
				E7B001012F7D30000001P009 /* GRDB */,
				E7B001012F7D30000001P010 /* MLXLMTokenizers */,
				E7B001012F7D30000001P011 /* Textual */,
			);
			productName = iMLX;
			productReference = E7306A002F7D21010061F6D5 /* iMLX.app */;
			productType = "com.apple.product-type.application";
		};
		E7A1A1022F9001000001A102 /* iMLXAlarmWidgetExtension */ = {
			isa = PBXNativeTarget;
			buildConfigurationList = E7A1A1062F9001000001A106 /* Build configuration list for PBXNativeTarget "iMLXAlarmWidgetExtension" */;
			buildPhases = (
				E7A1A1032F9001000001A103 /* Sources */,
				E7A1A1042F9001000001A104 /* Frameworks */,
				E7A1A1052F9001000001A105 /* Resources */,
			);
			buildRules = (
			);
			dependencies = (
			);
			fileSystemSynchronizedGroups = (
				E7A1A1092F9001000001A109 /* iMLXAlarmWidget */,
			);
			name = iMLXAlarmWidgetExtension;
			productName = iMLXAlarmWidgetExtension;
			productReference = E7A1A1012F9001000001A101 /* iMLXAlarmWidgetExtension.appex */;
			productType = "com.apple.product-type.app-extension";
		};
		E7C100062F9000010061F6D5 /* iMLXTests */ = {
			isa = PBXNativeTarget;
			buildConfigurationList = E7C1000D2F9000010061F6D5 /* Build configuration list for PBXNativeTarget "iMLXTests" */;
			buildPhases = (
				E7C100092F9000010061F6D5 /* Sources */,
				E7C100052F9000010061F6D5 /* Frameworks */,
				E7C100082F9000010061F6D5 /* Resources */,
			);
			buildRules = (
			);
			dependencies = (
				E7C1000A2F9000010061F6D5 /* PBXTargetDependency */,
			);
			fileSystemSynchronizedGroups = (
				E7C100042F9000010061F6D5 /* iMLXTests */,
			);
			name = iMLXTests;
			packageProductDependencies = (
			);
			productName = iMLXTests;
			productReference = E7C100022F9000010061F6D5 /* iMLXTests.xctest */;
			productType = "com.apple.product-type.bundle.unit-test";
		};
		E7D300012FA000000061F6D5 /* iMLXMac */ = {
			isa = PBXNativeTarget;
			buildConfigurationList = E7D600012FA000000061F6D5 /* Build configuration list for PBXNativeTarget "iMLXMac" */;
			buildPhases = (
				E7D200012FA000000061F6D5 /* Sources */,
				E7D200022FA000000061F6D5 /* Frameworks */,
				E7D200032FA000000061F6D5 /* Resources */,
			);
			buildRules = (
			);
			dependencies = (
			);
			fileSystemSynchronizedGroups = (
				E7306A022F7D21010061F6D5 /* iMLX */,
			);
			name = iMLXMac;
			packageProductDependencies = (
				E7B001012F7D30000001P001 /* MLX */,
				E7B001012F7D30000001P002 /* MLXNN */,
				E7B001012F7D30000001P003 /* MLXRandom */,
				E7B001012F7D30000001P004 /* MLXLMCommon */,
				E7B001012F7D30000001P005 /* MLXLLM */,
				E7B001012F7D30000001P006 /* MLXVLM */,
				E7B001012F7D30000001P007 /* MLXFFT */,
				E7B001012F7D30000001P008 /* ZIPFoundation */,
				E7B001012F7D30000001P009 /* GRDB */,
				E7B001012F7D30000001P010 /* MLXLMTokenizers */,
				E7B001012F7D30000001P011 /* Textual */,
			);
			productName = iMLXMac;
			productReference = E7D001012FA000000061F6D5 /* iMLXMac.app */;
			productType = "com.apple.product-type.application";
		};
		E7D300022FA000000061F6D5 /* iMLXMacTests */ = {
			isa = PBXNativeTarget;
			buildConfigurationList = E7D600022FA000000061F6D5 /* Build configuration list for PBXNativeTarget "iMLXMacTests" */;
			buildPhases = (
				E7D200042FA000000061F6D5 /* Sources */,
				E7D200052FA000000061F6D5 /* Frameworks */,
				E7D200062FA000000061F6D5 /* Resources */,
			);
			buildRules = (
			);
			dependencies = (
				E7D400022FA000000061F6D5 /* PBXTargetDependency */,
			);
			fileSystemSynchronizedGroups = (
				E7C100042F9000010061F6D5 /* iMLXTests */,
			);
			name = iMLXMacTests;
			packageProductDependencies = (
			);
			productName = iMLXMacTests;
			productReference = E7D001022FA000000061F6D5 /* iMLXMacTests.xctest */;
			productType = "com.apple.product-type.bundle.unit-test";
		};
/* End PBXNativeTarget section */

/* Begin PBXProject section */
		E73069F82F7D21010061F6D5 /* Project object */ = {
			isa = PBXProject;
			attributes = {
				BuildIndependentTargetsInParallel = 1;
				LastSwiftUpdateCheck = 2640;
				LastUpgradeCheck = 2640;
				TargetAttributes = {
					E73069FF2F7D21010061F6D5 = {
						CreatedOnToolsVersion = 26.4;
					};
					E7A1A1022F9001000001A102 = {
						CreatedOnToolsVersion = 26.4;
					};
					E7C100062F9000010061F6D5 = {
						CreatedOnToolsVersion = 26.4;
						TestTargetID = E73069FF2F7D21010061F6D5;
					};
					E7D300012FA000000061F6D5 = {
						CreatedOnToolsVersion = 26.6;
					};
					E7D300022FA000000061F6D5 = {
						CreatedOnToolsVersion = 26.6;
						TestTargetID = E7D300012FA000000061F6D5;
					};
				};
			};
			buildConfigurationList = E73069FB2F7D21010061F6D5 /* Build configuration list for PBXProject "iMLX" */;
			developmentRegion = en;
			hasScannedForEncodings = 0;
			knownRegions = (
				en,
				es,
				Base,
				"zh-Hans",
			);
			mainGroup = E73069F72F7D21010061F6D5;
			minimizedProjectReferenceProxies = 1;
			packageReferences = (
				E7B002002F7D30000002P001 /* XCRemoteSwiftPackageReference "mlx-swift" */,
				E7B002002F7D30000002P002 /* XCRemoteSwiftPackageReference "mlx-swift-lm" */,
				E7B002002F7D30000002P003 /* XCRemoteSwiftPackageReference "ZIPFoundation" */,
				E7B002002F7D30000002P004 /* XCRemoteSwiftPackageReference "GRDB.swift" */,
				E7B002002F7D30000002P005 /* XCRemoteSwiftPackageReference "swift-tokenizers-mlx" */,
				E7B002002F7D30000002P006 /* XCRemoteSwiftPackageReference "textual" */,
			);
			preferredProjectObjectVersion = 77;
			productRefGroup = E7306A012F7D21010061F6D5 /* Products */;
			projectDirPath = "";
			projectRoot = "";
			targets = (
				E73069FF2F7D21010061F6D5 /* iMLX */,
				E7A1A1022F9001000001A102 /* iMLXAlarmWidgetExtension */,
				E7C100062F9000010061F6D5 /* iMLXTests */,
				E7D300012FA000000061F6D5 /* iMLXMac */,
				E7D300022FA000000061F6D5 /* iMLXMacTests */,
			);
		};
/* End PBXProject section */

/* Begin PBXResourcesBuildPhase section */
		E73069FE2F7D21010061F6D5 /* Resources */ = {
			isa = PBXResourcesBuildPhase;
			buildActionMask = 2147483647;
			files = (
			);
			runOnlyForDeploymentPostprocessing = 0;
		};
		E7A1A1052F9001000001A105 /* Resources */ = {
			isa = PBXResourcesBuildPhase;
			buildActionMask = 2147483647;
			files = (
			);
			runOnlyForDeploymentPostprocessing = 0;
		};
		E7C100082F9000010061F6D5 /* Resources */ = {
			isa = PBXResourcesBuildPhase;
			buildActionMask = 2147483647;
			files = (
			);
			runOnlyForDeploymentPostprocessing = 0;
		};
		E7D200032FA000000061F6D5 /* Resources */ = {
			isa = PBXResourcesBuildPhase;
			buildActionMask = 2147483647;
			files = (
			);
			runOnlyForDeploymentPostprocessing = 0;
		};
		E7D200062FA000000061F6D5 /* Resources */ = {
			isa = PBXResourcesBuildPhase;
			buildActionMask = 2147483647;
			files = (
			);
			runOnlyForDeploymentPostprocessing = 0;
		};
/* End PBXResourcesBuildPhase section */

/* Begin PBXSourcesBuildPhase section */
		E73069FC2F7D21010061F6D5 /* Sources */ = {
			isa = PBXSourcesBuildPhase;
			buildActionMask = 2147483647;
			files = (
			);
			runOnlyForDeploymentPostprocessing = 0;
		};
		E7A1A1032F9001000001A103 /* Sources */ = {
			isa = PBXSourcesBuildPhase;
			buildActionMask = 2147483647;
			files = (
			);
			runOnlyForDeploymentPostprocessing = 0;
		};
		E7C100092F9000010061F6D5 /* Sources */ = {
			isa = PBXSourcesBuildPhase;
			buildActionMask = 2147483647;
			files = (
			);
			runOnlyForDeploymentPostprocessing = 0;
		};
		E7D200012FA000000061F6D5 /* Sources */ = {
			isa = PBXSourcesBuildPhase;
			buildActionMask = 2147483647;
			files = (
			);
			runOnlyForDeploymentPostprocessing = 0;
		};
		E7D200042FA000000061F6D5 /* Sources */ = {
			isa = PBXSourcesBuildPhase;
			buildActionMask = 2147483647;
			files = (
			);
			runOnlyForDeploymentPostprocessing = 0;
		};
/* End PBXSourcesBuildPhase section */

/* Begin PBXTargetDependency section */
		E7A1A10C2F9001000001A10C /* PBXTargetDependency */ = {
			isa = PBXTargetDependency;
			target = E7A1A1022F9001000001A102 /* iMLXAlarmWidgetExtension */;
			targetProxy = E7A1A10B2F9001000001A10B /* PBXContainerItemProxy */;
		};
		E7C1000A2F9000010061F6D5 /* PBXTargetDependency */ = {
			isa = PBXTargetDependency;
			target = E73069FF2F7D21010061F6D5 /* iMLX */;
			targetProxy = E7C100072F9000010061F6D5 /* PBXContainerItemProxy */;
		};
		E7D400022FA000000061F6D5 /* PBXTargetDependency */ = {
			isa = PBXTargetDependency;
			target = E7D300012FA000000061F6D5 /* iMLXMac */;
			targetProxy = E7D400012FA000000061F6D5 /* PBXContainerItemProxy */;
		};
/* End PBXTargetDependency section */

/* Begin XCBuildConfiguration section */
		E7306A092F7D21030061F6D5 /* Debug */ = {
			isa = XCBuildConfiguration;
			buildSettings = {
				ALWAYS_SEARCH_USER_PATHS = NO;
				ASSETCATALOG_COMPILER_GENERATE_SWIFT_ASSET_SYMBOL_EXTENSIONS = YES;
				CLANG_ANALYZER_NONNULL = YES;
				CLANG_ANALYZER_NUMBER_OBJECT_CONVERSION = YES_AGGRESSIVE;
				CLANG_CXX_LANGUAGE_STANDARD = "gnu++20";
				CLANG_ENABLE_MODULES = YES;
				CLANG_ENABLE_OBJC_ARC = YES;
				CLANG_ENABLE_OBJC_WEAK = YES;
				CLANG_WARN_BLOCK_CAPTURE_AUTORELEASING = YES;
				CLANG_WARN_BOOL_CONVERSION = YES;
				CLANG_WARN_COMMA = YES;
				CLANG_WARN_CONSTANT_CONVERSION = YES;
				CLANG_WARN_DEPRECATED_OBJC_IMPLEMENTATIONS = YES;
				CLANG_WARN_DIRECT_OBJC_ISA_USAGE = YES_ERROR;
				CLANG_WARN_DOCUMENTATION_COMMENTS = YES;
				CLANG_WARN_EMPTY_BODY = YES;
				CLANG_WARN_ENUM_CONVERSION = YES;
				CLANG_WARN_INFINITE_RECURSION = YES;
				CLANG_WARN_INT_CONVERSION = YES;
				CLANG_WARN_NON_LITERAL_NULL_CONVERSION = YES;
				CLANG_WARN_OBJC_IMPLICIT_RETAIN_SELF = YES;
				CLANG_WARN_OBJC_LITERAL_CONVERSION = YES;
				CLANG_WARN_OBJC_ROOT_CLASS = YES_ERROR;
				CLANG_WARN_QUOTED_INCLUDE_IN_FRAMEWORK_HEADER = YES;
				CLANG_WARN_RANGE_LOOP_ANALYSIS = YES;
				CLANG_WARN_STRICT_PROTOTYPES = YES;
				CLANG_WARN_SUSPICIOUS_MOVE = YES;
				CLANG_WARN_UNGUARDED_AVAILABILITY = YES_AGGRESSIVE;
				CLANG_WARN_UNREACHABLE_CODE = YES;
				CLANG_WARN__DUPLICATE_METHOD_MATCH = YES;
				COPY_PHASE_STRIP = NO;
				DEBUG_INFORMATION_FORMAT = dwarf;
				ENABLE_STRICT_OBJC_MSGSEND = YES;
				ENABLE_TESTABILITY = YES;
				ENABLE_USER_SCRIPT_SANDBOXING = YES;
				GCC_C_LANGUAGE_STANDARD = gnu17;
				GCC_DYNAMIC_NO_PIC = NO;
				GCC_NO_COMMON_BLOCKS = YES;
				GCC_OPTIMIZATION_LEVEL = 0;
				GCC_PREPROCESSOR_DEFINITIONS = (
					"DEBUG=1",
					"$(inherited)",
				);
				GCC_WARN_64_TO_32_BIT_CONVERSION = YES;
				GCC_WARN_ABOUT_RETURN_TYPE = YES_ERROR;
				GCC_WARN_UNDECLARED_SELECTOR = YES;
				GCC_WARN_UNINITIALIZED_AUTOS = YES_AGGRESSIVE;
				GCC_WARN_UNUSED_FUNCTION = YES;
				GCC_WARN_UNUSED_VARIABLE = YES;
				IPHONEOS_DEPLOYMENT_TARGET = 26.0;
				LOCALIZATION_PREFERS_STRING_CATALOGS = YES;
				MTL_ENABLE_DEBUG_INFO = INCLUDE_SOURCE;
				MTL_FAST_MATH = YES;
				ONLY_ACTIVE_ARCH = YES;
				SDKROOT = iphoneos;
				SWIFT_ACTIVE_COMPILATION_CONDITIONS = "DEBUG $(inherited)";
				SWIFT_OPTIMIZATION_LEVEL = "-Onone";
			};
			name = Debug;
		};
		E7306A0A2F7D21030061F6D5 /* Release */ = {
			isa = XCBuildConfiguration;
			buildSettings = {
				ALWAYS_SEARCH_USER_PATHS = NO;
				ASSETCATALOG_COMPILER_GENERATE_SWIFT_ASSET_SYMBOL_EXTENSIONS = YES;
				CLANG_ANALYZER_NONNULL = YES;
				CLANG_ANALYZER_NUMBER_OBJECT_CONVERSION = YES_AGGRESSIVE;
				CLANG_CXX_LANGUAGE_STANDARD = "gnu++20";
				CLANG_ENABLE_MODULES = YES;
				CLANG_ENABLE_OBJC_ARC = YES;
				CLANG_ENABLE_OBJC_WEAK = YES;
				CLANG_WARN_BLOCK_CAPTURE_AUTORELEASING = YES;
				CLANG_WARN_BOOL_CONVERSION = YES;
				CLANG_WARN_COMMA = YES;
				CLANG_WARN_CONSTANT_CONVERSION = YES;
				CLANG_WARN_DEPRECATED_OBJC_IMPLEMENTATIONS = YES;
				CLANG_WARN_DIRECT_OBJC_ISA_USAGE = YES_ERROR;
				CLANG_WARN_DOCUMENTATION_COMMENTS = YES;
				CLANG_WARN_EMPTY_BODY = YES;
				CLANG_WARN_ENUM_CONVERSION = YES;
				CLANG_WARN_INFINITE_RECURSION = YES;
				CLANG_WARN_INT_CONVERSION = YES;
				CLANG_WARN_NON_LITERAL_NULL_CONVERSION = YES;
				CLANG_WARN_OBJC_IMPLICIT_RETAIN_SELF = YES;
				CLANG_WARN_OBJC_LITERAL_CONVERSION = YES;
				CLANG_WARN_OBJC_ROOT_CLASS = YES_ERROR;
				CLANG_WARN_QUOTED_INCLUDE_IN_FRAMEWORK_HEADER = YES;
				CLANG_WARN_RANGE_LOOP_ANALYSIS = YES;
				CLANG_WARN_STRICT_PROTOTYPES = YES;
				CLANG_WARN_SUSPICIOUS_MOVE = YES;
				CLANG_WARN_UNGUARDED_AVAILABILITY = YES_AGGRESSIVE;
				CLANG_WARN_UNREACHABLE_CODE = YES;
				CLANG_WARN__DUPLICATE_METHOD_MATCH = YES;
				COPY_PHASE_STRIP = NO;
				DEBUG_INFORMATION_FORMAT = "dwarf-with-dsym";
				ENABLE_NS_ASSERTIONS = NO;
				ENABLE_STRICT_OBJC_MSGSEND = YES;
				ENABLE_USER_SCRIPT_SANDBOXING = YES;
				GCC_C_LANGUAGE_STANDARD = gnu17;
				GCC_NO_COMMON_BLOCKS = YES;
				GCC_WARN_64_TO_32_BIT_CONVERSION = YES;
				GCC_WARN_ABOUT_RETURN_TYPE = YES_ERROR;
				GCC_WARN_UNDECLARED_SELECTOR = YES;
				GCC_WARN_UNINITIALIZED_AUTOS = YES_AGGRESSIVE;
				GCC_WARN_UNUSED_FUNCTION = YES;
				GCC_WARN_UNUSED_VARIABLE = YES;
				IPHONEOS_DEPLOYMENT_TARGET = 26.0;
				LOCALIZATION_PREFERS_STRING_CATALOGS = YES;
				MTL_ENABLE_DEBUG_INFO = NO;
				MTL_FAST_MATH = YES;
				SDKROOT = iphoneos;
				SWIFT_COMPILATION_MODE = wholemodule;
				VALIDATE_PRODUCT = YES;
			};
			name = Release;
		};
		E7306A0C2F7D21030061F6D5 /* Debug */ = {
			isa = XCBuildConfiguration;
			buildSettings = {
				ASSETCATALOG_COMPILER_APPICON_NAME = AppIcon;
				ASSETCATALOG_COMPILER_GLOBAL_ACCENT_COLOR_NAME = AccentColor;
				CODE_SIGN_ENTITLEMENTS = iMLX/iMLX.entitlements;
				CODE_SIGN_STYLE = Automatic;
				CURRENT_PROJECT_VERSION = 1;
				DEVELOPMENT_TEAM = M77ZNJA6C8;
				ENABLE_PREVIEWS = YES;
				GENERATE_INFOPLIST_FILE = YES;
				INFOPLIST_FILE = iMLXInfo.plist;
				INFOPLIST_KEY_NSCalendarsFullAccessUsageDescription = "We need calendar access to summarize your schedule locally when you ask.";
				INFOPLIST_KEY_NSCalendarsUsageDescription = "We need calendar access to summarize your schedule locally when you ask.";
				INFOPLIST_KEY_NSCameraUsageDescription = "We need camera access to capture photos for visual models.";
				INFOPLIST_KEY_NSContactsUsageDescription = "We need contacts access to find phone numbers and email addresses locally when you ask.";
				INFOPLIST_KEY_NSMicrophoneUsageDescription = "We need microphone access for live voice conversations.";
				INFOPLIST_KEY_NSRemindersFullAccessUsageDescription = "We need reminders access to brief and create your reminders locally when you ask.";
				INFOPLIST_KEY_NSSpeechRecognitionUsageDescription = "We need speech recognition to transcribe your voice locally for live conversations.";
				INFOPLIST_KEY_NSSupportsLiveActivities = YES;
				INFOPLIST_KEY_UIApplicationSceneManifest_Generation = YES;
				INFOPLIST_KEY_UIApplicationSupportsIndirectInputEvents = YES;
				INFOPLIST_KEY_UILaunchScreen_Generation = YES;
				INFOPLIST_KEY_UISupportedInterfaceOrientations_iPad = "UIInterfaceOrientationPortrait UIInterfaceOrientationPortraitUpsideDown UIInterfaceOrientationLandscapeLeft UIInterfaceOrientationLandscapeRight";
				INFOPLIST_KEY_UISupportedInterfaceOrientations_iPhone = "UIInterfaceOrientationPortrait UIInterfaceOrientationLandscapeLeft UIInterfaceOrientationLandscapeRight";
				LD_RUNPATH_SEARCH_PATHS = (
					"$(inherited)",
					"@executable_path/Frameworks",
				);
				MARKETING_VERSION = 1.0;
				PRODUCT_BUNDLE_IDENTIFIER = com.alan13367.iMLX;
				PRODUCT_NAME = "$(TARGET_NAME)";
				STRING_CATALOG_GENERATE_SYMBOLS = YES;
				SWIFT_APPROACHABLE_CONCURRENCY = YES;
				SWIFT_DEFAULT_ACTOR_ISOLATION = MainActor;
				SWIFT_EMIT_LOC_STRINGS = YES;
				SWIFT_UPCOMING_FEATURE_MEMBER_IMPORT_VISIBILITY = YES;
				SWIFT_VERSION = 5.0;
				TARGETED_DEVICE_FAMILY = "1,2";
			};
			name = Debug;
		};
		E7306A0D2F7D21030061F6D5 /* Release */ = {
			isa = XCBuildConfiguration;
			buildSettings = {
				ASSETCATALOG_COMPILER_APPICON_NAME = AppIcon;
				ASSETCATALOG_COMPILER_GLOBAL_ACCENT_COLOR_NAME = AccentColor;
				CODE_SIGN_ENTITLEMENTS = iMLX/iMLX.entitlements;
				CODE_SIGN_STYLE = Automatic;
				CURRENT_PROJECT_VERSION = 1;
				DEVELOPMENT_TEAM = M77ZNJA6C8;
				ENABLE_PREVIEWS = YES;
				GENERATE_INFOPLIST_FILE = YES;
				INFOPLIST_FILE = iMLXInfo.plist;
				INFOPLIST_KEY_NSCalendarsFullAccessUsageDescription = "We need calendar access to summarize your schedule locally when you ask.";
				INFOPLIST_KEY_NSCalendarsUsageDescription = "We need calendar access to summarize your schedule locally when you ask.";
				INFOPLIST_KEY_NSCameraUsageDescription = "We need camera access to capture photos for visual models.";
				INFOPLIST_KEY_NSContactsUsageDescription = "We need contacts access to find phone numbers and email addresses locally when you ask.";
				INFOPLIST_KEY_NSMicrophoneUsageDescription = "We need microphone access for live voice conversations.";
				INFOPLIST_KEY_NSRemindersFullAccessUsageDescription = "We need reminders access to brief and create your reminders locally when you ask.";
				INFOPLIST_KEY_NSSpeechRecognitionUsageDescription = "We need speech recognition to transcribe your voice locally for live conversations.";
				INFOPLIST_KEY_NSSupportsLiveActivities = YES;
				INFOPLIST_KEY_UIApplicationSceneManifest_Generation = YES;
				INFOPLIST_KEY_UIApplicationSupportsIndirectInputEvents = YES;
				INFOPLIST_KEY_UILaunchScreen_Generation = YES;
				INFOPLIST_KEY_UISupportedInterfaceOrientations_iPad = "UIInterfaceOrientationPortrait UIInterfaceOrientationPortraitUpsideDown UIInterfaceOrientationLandscapeLeft UIInterfaceOrientationLandscapeRight";
				INFOPLIST_KEY_UISupportedInterfaceOrientations_iPhone = "UIInterfaceOrientationPortrait UIInterfaceOrientationLandscapeLeft UIInterfaceOrientationLandscapeRight";
				LD_RUNPATH_SEARCH_PATHS = (
					"$(inherited)",
					"@executable_path/Frameworks",
				);
				MARKETING_VERSION = 1.0;
				PRODUCT_BUNDLE_IDENTIFIER = com.alan13367.iMLX;
				PRODUCT_NAME = "$(TARGET_NAME)";
				STRING_CATALOG_GENERATE_SYMBOLS = YES;
				SWIFT_APPROACHABLE_CONCURRENCY = YES;
				SWIFT_DEFAULT_ACTOR_ISOLATION = MainActor;
				SWIFT_EMIT_LOC_STRINGS = YES;
				SWIFT_UPCOMING_FEATURE_MEMBER_IMPORT_VISIBILITY = YES;
				SWIFT_VERSION = 5.0;
				TARGETED_DEVICE_FAMILY = "1,2";
			};
			name = Release;
		};
		E7A1A1072F9001000001A107 /* Debug */ = {
			isa = XCBuildConfiguration;
			buildSettings = {
				ASSETCATALOG_COMPILER_GLOBAL_ACCENT_COLOR_NAME = AccentColor;
				CODE_SIGN_STYLE = Automatic;
				CURRENT_PROJECT_VERSION = 1;
				DEVELOPMENT_TEAM = M77ZNJA6C8;
				GENERATE_INFOPLIST_FILE = YES;
				INFOPLIST_FILE = iMLXAlarmWidgetInfo.plist;
				INFOPLIST_KEY_CFBundleDisplayName = "iMLX Alarms";
				INFOPLIST_KEY_NSHumanReadableCopyright = "";
				IPHONEOS_DEPLOYMENT_TARGET = 26.0;
				LD_RUNPATH_SEARCH_PATHS = (
					"$(inherited)",
					"@executable_path/Frameworks",
					"@executable_path/../../Frameworks",
				);
				MARKETING_VERSION = 1.0;
				PRODUCT_BUNDLE_IDENTIFIER = com.alan13367.iMLX.AlarmWidget;
				PRODUCT_NAME = "$(TARGET_NAME)";
				SDKROOT = iphoneos;
				SKIP_INSTALL = YES;
				STRING_CATALOG_GENERATE_SYMBOLS = YES;
				SUPPORTED_PLATFORMS = "iphoneos iphonesimulator";
				SUPPORTS_MACCATALYST = NO;
				SUPPORTS_MAC_DESIGNED_FOR_IPHONE_IPAD = NO;
				SWIFT_APPROACHABLE_CONCURRENCY = YES;
				SWIFT_DEFAULT_ACTOR_ISOLATION = MainActor;
				SWIFT_EMIT_LOC_STRINGS = YES;
				SWIFT_UPCOMING_FEATURE_MEMBER_IMPORT_VISIBILITY = YES;
				SWIFT_VERSION = 5.0;
				TARGETED_DEVICE_FAMILY = "1,2";
			};
			name = Debug;
		};
		E7A1A1082F9001000001A108 /* Release */ = {
			isa = XCBuildConfiguration;
			buildSettings = {
				ASSETCATALOG_COMPILER_GLOBAL_ACCENT_COLOR_NAME = AccentColor;
				CODE_SIGN_STYLE = Automatic;
				CURRENT_PROJECT_VERSION = 1;
				DEVELOPMENT_TEAM = M77ZNJA6C8;
				GENERATE_INFOPLIST_FILE = YES;
				INFOPLIST_FILE = iMLXAlarmWidgetInfo.plist;
				INFOPLIST_KEY_CFBundleDisplayName = "iMLX Alarms";
				INFOPLIST_KEY_NSHumanReadableCopyright = "";
				IPHONEOS_DEPLOYMENT_TARGET = 26.0;
				LD_RUNPATH_SEARCH_PATHS = (
					"$(inherited)",
					"@executable_path/Frameworks",
					"@executable_path/../../Frameworks",
				);
				MARKETING_VERSION = 1.0;
				PRODUCT_BUNDLE_IDENTIFIER = com.alan13367.iMLX.AlarmWidget;
				PRODUCT_NAME = "$(TARGET_NAME)";
				SDKROOT = iphoneos;
				SKIP_INSTALL = YES;
				STRING_CATALOG_GENERATE_SYMBOLS = YES;
				SUPPORTED_PLATFORMS = "iphoneos iphonesimulator";
				SUPPORTS_MACCATALYST = NO;
				SUPPORTS_MAC_DESIGNED_FOR_IPHONE_IPAD = NO;
				SWIFT_APPROACHABLE_CONCURRENCY = YES;
				SWIFT_DEFAULT_ACTOR_ISOLATION = MainActor;
				SWIFT_EMIT_LOC_STRINGS = YES;
				SWIFT_UPCOMING_FEATURE_MEMBER_IMPORT_VISIBILITY = YES;
				SWIFT_VERSION = 5.0;
				TARGETED_DEVICE_FAMILY = "1,2";
				VALIDATE_PRODUCT = YES;
			};
			name = Release;
		};
		E7C1000B2F9000010061F6D5 /* Debug */ = {
			isa = XCBuildConfiguration;
			buildSettings = {
				BUNDLE_LOADER = "$(TEST_HOST)";
				CODE_SIGN_STYLE = Automatic;
				CURRENT_PROJECT_VERSION = 1;
				DEVELOPMENT_TEAM = M77ZNJA6C8;
				GENERATE_INFOPLIST_FILE = YES;
				IPHONEOS_DEPLOYMENT_TARGET = 26.0;
				LD_RUNPATH_SEARCH_PATHS = (
					"$(inherited)",
					"@executable_path/Frameworks",
					"@loader_path/Frameworks",
				);
				MARKETING_VERSION = 1.0;
				PRODUCT_BUNDLE_IDENTIFIER = com.alan13367.iMLXTests;
				PRODUCT_NAME = "$(TARGET_NAME)";
				STRING_CATALOG_GENERATE_SYMBOLS = YES;
				SWIFT_APPROACHABLE_CONCURRENCY = YES;
				SWIFT_DEFAULT_ACTOR_ISOLATION = MainActor;
				SWIFT_UPCOMING_FEATURE_MEMBER_IMPORT_VISIBILITY = YES;
				SWIFT_VERSION = 5.0;
				TARGETED_DEVICE_FAMILY = "1,2";
				TEST_HOST = "$(BUILT_PRODUCTS_DIR)/iMLX.app/$(BUNDLE_EXECUTABLE_FOLDER_PATH)/iMLX";
				TEST_TARGET_NAME = iMLX;
			};
			name = Debug;
		};
		E7C1000C2F9000010061F6D5 /* Release */ = {
			isa = XCBuildConfiguration;
			buildSettings = {
				BUNDLE_LOADER = "$(TEST_HOST)";
				CODE_SIGN_STYLE = Automatic;
				CURRENT_PROJECT_VERSION = 1;
				DEVELOPMENT_TEAM = M77ZNJA6C8;
				GENERATE_INFOPLIST_FILE = YES;
				IPHONEOS_DEPLOYMENT_TARGET = 26.0;
				LD_RUNPATH_SEARCH_PATHS = (
					"$(inherited)",
					"@executable_path/Frameworks",
					"@loader_path/Frameworks",
				);
				MARKETING_VERSION = 1.0;
				PRODUCT_BUNDLE_IDENTIFIER = com.alan13367.iMLXTests;
				PRODUCT_NAME = "$(TARGET_NAME)";
				STRING_CATALOG_GENERATE_SYMBOLS = YES;
				SWIFT_APPROACHABLE_CONCURRENCY = YES;
				SWIFT_DEFAULT_ACTOR_ISOLATION = MainActor;
				SWIFT_UPCOMING_FEATURE_MEMBER_IMPORT_VISIBILITY = YES;
				SWIFT_VERSION = 5.0;
				TARGETED_DEVICE_FAMILY = "1,2";
				TEST_HOST = "$(BUILT_PRODUCTS_DIR)/iMLX.app/$(BUNDLE_EXECUTABLE_FOLDER_PATH)/iMLX";
				TEST_TARGET_NAME = iMLX;
			};
			name = Release;
		};
		E7D500012FA000000061F6D5 /* Debug */ = {
			isa = XCBuildConfiguration;
			buildSettings = {
				ARCHS = arm64;
				ASSETCATALOG_COMPILER_APPICON_NAME = AppIcon;
				ASSETCATALOG_COMPILER_GLOBAL_ACCENT_COLOR_NAME = AccentColor;
				CODE_SIGN_ENTITLEMENTS = iMLX/iMLXMac.entitlements;
				CODE_SIGN_STYLE = Automatic;
				CURRENT_PROJECT_VERSION = 1;
				DEVELOPMENT_TEAM = M77ZNJA6C8;
				ENABLE_APP_SANDBOX = YES;
				ENABLE_HARDENED_RUNTIME = YES;
				ENABLE_OUTGOING_NETWORK_CONNECTIONS = YES;
				ENABLE_PREVIEWS = YES;
				ENABLE_RESOURCE_ACCESS_AUDIO_INPUT = YES;
				ENABLE_RESOURCE_ACCESS_CALENDARS = YES;
				ENABLE_RESOURCE_ACCESS_CAMERA = YES;
				ENABLE_RESOURCE_ACCESS_CONTACTS = YES;
				ENABLE_RESOURCE_ACCESS_PHOTO_LIBRARY = YES;
				ENABLE_USER_SELECTED_FILES = readonly;
				GENERATE_INFOPLIST_FILE = YES;
				INFOPLIST_KEY_CFBundleDisplayName = iMLX;
				INFOPLIST_KEY_LSApplicationCategoryType = "public.app-category.productivity";
				INFOPLIST_KEY_NSCalendarsFullAccessUsageDescription = "We need calendar access to summarize your schedule locally when you ask.";
				INFOPLIST_KEY_NSCalendarsUsageDescription = "We need calendar access to summarize your schedule locally when you ask.";
				INFOPLIST_KEY_NSCameraUsageDescription = "We need camera access to attach images for visual models.";
				INFOPLIST_KEY_NSContactsUsageDescription = "We need contacts access to find phone numbers and email addresses locally when you ask.";
				INFOPLIST_KEY_NSMicrophoneUsageDescription = "We need microphone access for live voice conversations.";
				INFOPLIST_KEY_NSPhotoLibraryUsageDescription = "We need photo library access to attach images for visual models.";
				INFOPLIST_KEY_NSRemindersFullAccessUsageDescription = "We need reminders access to brief and create your reminders locally when you ask.";
				INFOPLIST_KEY_NSSpeechRecognitionUsageDescription = "We need speech recognition to transcribe your voice locally for live conversations.";
				LD_RUNPATH_SEARCH_PATHS = (
					"$(inherited)",
					"@executable_path/../Frameworks",
				);
				MACOSX_DEPLOYMENT_TARGET = 26.0;
				MARKETING_VERSION = 1.0;
				PRODUCT_BUNDLE_IDENTIFIER = com.alan13367.iMLX.macOS;
				PRODUCT_MODULE_NAME = iMLX;
				PRODUCT_NAME = "$(TARGET_NAME)";
				SDKROOT = macosx;
				STRING_CATALOG_GENERATE_SYMBOLS = YES;
				SUPPORTED_PLATFORMS = macosx;
				SWIFT_APPROACHABLE_CONCURRENCY = YES;
				SWIFT_DEFAULT_ACTOR_ISOLATION = MainActor;
				SWIFT_EMIT_LOC_STRINGS = YES;
				SWIFT_UPCOMING_FEATURE_MEMBER_IMPORT_VISIBILITY = YES;
				SWIFT_VERSION = 5.0;
			};
			name = Debug;
		};
		E7D500022FA000000061F6D5 /* Release */ = {
			isa = XCBuildConfiguration;
			buildSettings = {
				ARCHS = arm64;
				ASSETCATALOG_COMPILER_APPICON_NAME = AppIcon;
				ASSETCATALOG_COMPILER_GLOBAL_ACCENT_COLOR_NAME = AccentColor;
				CODE_SIGN_ENTITLEMENTS = iMLX/iMLXMac.entitlements;
				CODE_SIGN_STYLE = Automatic;
				CURRENT_PROJECT_VERSION = 1;
				DEVELOPMENT_TEAM = M77ZNJA6C8;
				ENABLE_APP_SANDBOX = YES;
				ENABLE_HARDENED_RUNTIME = YES;
				ENABLE_OUTGOING_NETWORK_CONNECTIONS = YES;
				ENABLE_PREVIEWS = YES;
				ENABLE_RESOURCE_ACCESS_AUDIO_INPUT = YES;
				ENABLE_RESOURCE_ACCESS_CALENDARS = YES;
				ENABLE_RESOURCE_ACCESS_CAMERA = YES;
				ENABLE_RESOURCE_ACCESS_CONTACTS = YES;
				ENABLE_RESOURCE_ACCESS_PHOTO_LIBRARY = YES;
				ENABLE_USER_SELECTED_FILES = readonly;
				GENERATE_INFOPLIST_FILE = YES;
				INFOPLIST_KEY_CFBundleDisplayName = iMLX;
				INFOPLIST_KEY_LSApplicationCategoryType = "public.app-category.productivity";
				INFOPLIST_KEY_NSCalendarsFullAccessUsageDescription = "We need calendar access to summarize your schedule locally when you ask.";
				INFOPLIST_KEY_NSCalendarsUsageDescription = "We need calendar access to summarize your schedule locally when you ask.";
				INFOPLIST_KEY_NSCameraUsageDescription = "We need camera access to attach images for visual models.";
				INFOPLIST_KEY_NSContactsUsageDescription = "We need contacts access to find phone numbers and email addresses locally when you ask.";
				INFOPLIST_KEY_NSMicrophoneUsageDescription = "We need microphone access for live voice conversations.";
				INFOPLIST_KEY_NSPhotoLibraryUsageDescription = "We need photo library access to attach images for visual models.";
				INFOPLIST_KEY_NSRemindersFullAccessUsageDescription = "We need reminders access to brief and create your reminders locally when you ask.";
				INFOPLIST_KEY_NSSpeechRecognitionUsageDescription = "We need speech recognition to transcribe your voice locally for live conversations.";
				LD_RUNPATH_SEARCH_PATHS = (
					"$(inherited)",
					"@executable_path/../Frameworks",
				);
				MACOSX_DEPLOYMENT_TARGET = 26.0;
				MARKETING_VERSION = 1.0;
				PRODUCT_BUNDLE_IDENTIFIER = com.alan13367.iMLX.macOS;
				PRODUCT_MODULE_NAME = iMLX;
				PRODUCT_NAME = "$(TARGET_NAME)";
				SDKROOT = macosx;
				STRING_CATALOG_GENERATE_SYMBOLS = YES;
				SUPPORTED_PLATFORMS = macosx;
				SWIFT_APPROACHABLE_CONCURRENCY = YES;
				SWIFT_DEFAULT_ACTOR_ISOLATION = MainActor;
				SWIFT_EMIT_LOC_STRINGS = YES;
				SWIFT_UPCOMING_FEATURE_MEMBER_IMPORT_VISIBILITY = YES;
				SWIFT_VERSION = 5.0;
				VALIDATE_PRODUCT = YES;
			};
			name = Release;
		};
		E7D500032FA000000061F6D5 /* Debug */ = {
			isa = XCBuildConfiguration;
			buildSettings = {
				ARCHS = arm64;
				BUNDLE_LOADER = "$(TEST_HOST)";
				CODE_SIGN_STYLE = Automatic;
				CURRENT_PROJECT_VERSION = 1;
				DEVELOPMENT_TEAM = M77ZNJA6C8;
				GENERATE_INFOPLIST_FILE = YES;
				LD_RUNPATH_SEARCH_PATHS = (
					"$(inherited)",
					"@loader_path/../Frameworks",
					"@executable_path/../Frameworks",
				);
				MACOSX_DEPLOYMENT_TARGET = 26.0;
				MARKETING_VERSION = 1.0;
				PRODUCT_BUNDLE_IDENTIFIER = com.alan13367.iMLX.macOSTests;
				PRODUCT_NAME = "$(TARGET_NAME)";
				SDKROOT = macosx;
				SKIP_INSTALL = YES;
				SUPPORTED_PLATFORMS = macosx;
				SWIFT_APPROACHABLE_CONCURRENCY = YES;
				SWIFT_DEFAULT_ACTOR_ISOLATION = MainActor;
				SWIFT_UPCOMING_FEATURE_MEMBER_IMPORT_VISIBILITY = YES;
				SWIFT_VERSION = 5.0;
				TEST_HOST = "$(BUILT_PRODUCTS_DIR)/iMLXMac.app/Contents/MacOS/iMLXMac";
				TEST_TARGET_NAME = iMLXMac;
			};
			name = Debug;
		};
		E7D500042FA000000061F6D5 /* Release */ = {
			isa = XCBuildConfiguration;
			buildSettings = {
				ARCHS = arm64;
				BUNDLE_LOADER = "$(TEST_HOST)";
				CODE_SIGN_STYLE = Automatic;
				CURRENT_PROJECT_VERSION = 1;
				DEVELOPMENT_TEAM = M77ZNJA6C8;
				GENERATE_INFOPLIST_FILE = YES;
				LD_RUNPATH_SEARCH_PATHS = (
					"$(inherited)",
					"@loader_path/../Frameworks",
					"@executable_path/../Frameworks",
				);
				MACOSX_DEPLOYMENT_TARGET = 26.0;
				MARKETING_VERSION = 1.0;
				PRODUCT_BUNDLE_IDENTIFIER = com.alan13367.iMLX.macOSTests;
				PRODUCT_NAME = "$(TARGET_NAME)";
				SDKROOT = macosx;
				SKIP_INSTALL = YES;
				SUPPORTED_PLATFORMS = macosx;
				SWIFT_APPROACHABLE_CONCURRENCY = YES;
				SWIFT_DEFAULT_ACTOR_ISOLATION = MainActor;
				SWIFT_UPCOMING_FEATURE_MEMBER_IMPORT_VISIBILITY = YES;
				SWIFT_VERSION = 5.0;
				TEST_HOST = "$(BUILT_PRODUCTS_DIR)/iMLXMac.app/Contents/MacOS/iMLXMac";
				TEST_TARGET_NAME = iMLXMac;
			};
			name = Release;
		};
/* End XCBuildConfiguration section */

/* Begin XCConfigurationList section */
		E73069FB2F7D21010061F6D5 /* Build configuration list for PBXProject "iMLX" */ = {
			isa = XCConfigurationList;
			buildConfigurations = (
				E7306A092F7D21030061F6D5 /* Debug */,
				E7306A0A2F7D21030061F6D5 /* Release */,
			);
			defaultConfigurationIsVisible = 0;
			defaultConfigurationName = Release;
		};
		E7306A0B2F7D21030061F6D5 /* Build configuration list for PBXNativeTarget "iMLX" */ = {
			isa = XCConfigurationList;
			buildConfigurations = (
				E7306A0C2F7D21030061F6D5 /* Debug */,
				E7306A0D2F7D21030061F6D5 /* Release */,
			);
			defaultConfigurationIsVisible = 0;
			defaultConfigurationName = Release;
		};
		E7A1A1062F9001000001A106 /* Build configuration list for PBXNativeTarget "iMLXAlarmWidgetExtension" */ = {
			isa = XCConfigurationList;
			buildConfigurations = (
				E7A1A1072F9001000001A107 /* Debug */,
				E7A1A1082F9001000001A108 /* Release */,
			);
			defaultConfigurationIsVisible = 0;
			defaultConfigurationName = Release;
		};
		E7C1000D2F9000010061F6D5 /* Build configuration list for PBXNativeTarget "iMLXTests" */ = {
			isa = XCConfigurationList;
			buildConfigurations = (
				E7C1000B2F9000010061F6D5 /* Debug */,
				E7C1000C2F9000010061F6D5 /* Release */,
			);
			defaultConfigurationIsVisible = 0;
			defaultConfigurationName = Release;
		};
		E7D600012FA000000061F6D5 /* Build configuration list for PBXNativeTarget "iMLXMac" */ = {
			isa = XCConfigurationList;
			buildConfigurations = (
				E7D500012FA000000061F6D5 /* Debug */,
				E7D500022FA000000061F6D5 /* Release */,
			);
			defaultConfigurationIsVisible = 0;
			defaultConfigurationName = Release;
		};
		E7D600022FA000000061F6D5 /* Build configuration list for PBXNativeTarget "iMLXMacTests" */ = {
			isa = XCConfigurationList;
			buildConfigurations = (
				E7D500032FA000000061F6D5 /* Debug */,
				E7D500042FA000000061F6D5 /* Release */,
			);
			defaultConfigurationIsVisible = 0;
			defaultConfigurationName = Release;
		};
/* End XCConfigurationList section */

/* Begin XCRemoteSwiftPackageReference section */
		E7B002002F7D30000002P001 /* XCRemoteSwiftPackageReference "mlx-swift" */ = {
			isa = XCRemoteSwiftPackageReference;
			repositoryURL = "https://github.com/ml-explore/mlx-swift";
			requirement = {
				branch = main;
				kind = branch;
			};
		};
		E7B002002F7D30000002P002 /* XCRemoteSwiftPackageReference "mlx-swift-lm" */ = {
			isa = XCRemoteSwiftPackageReference;
			repositoryURL = "https://github.com/ml-explore/mlx-swift-lm";
			requirement = {
				kind = exactVersion;
				version = 3.31.4;
			};
		};
		E7B002002F7D30000002P003 /* XCRemoteSwiftPackageReference "ZIPFoundation" */ = {
			isa = XCRemoteSwiftPackageReference;
			repositoryURL = "https://github.com/weichsel/ZIPFoundation.git";
			requirement = {
				kind = upToNextMajorVersion;
				minimumVersion = 0.9.0;
			};
		};
		E7B002002F7D30000002P004 /* XCRemoteSwiftPackageReference "GRDB.swift" */ = {
			isa = XCRemoteSwiftPackageReference;
			repositoryURL = "https://github.com/groue/GRDB.swift.git";
			requirement = {
				kind = upToNextMajorVersion;
				minimumVersion = 7.0.0;
			};
		};
		E7B002002F7D30000002P005 /* XCRemoteSwiftPackageReference "swift-tokenizers-mlx" */ = {
			isa = XCRemoteSwiftPackageReference;
			repositoryURL = "https://github.com/DePasqualeOrg/swift-tokenizers-mlx";
			requirement = {
				kind = upToNextMajorVersion;
				minimumVersion = 0.2.0;
			};
		};
		E7B002002F7D30000002P006 /* XCRemoteSwiftPackageReference "textual" */ = {
			isa = XCRemoteSwiftPackageReference;
			repositoryURL = "https://github.com/gonzalezreal/textual";
			requirement = {
				kind = exactVersion;
				version = 0.3.1;
			};
		};
/* End XCRemoteSwiftPackageReference section */

/* Begin XCSwiftPackageProductDependency section */
		E7B001012F7D30000001P001 /* MLX */ = {
			isa = XCSwiftPackageProductDependency;
			package = E7B002002F7D30000002P001 /* XCRemoteSwiftPackageReference "mlx-swift" */;
			productName = MLX;
		};
		E7B001012F7D30000001P002 /* MLXNN */ = {
			isa = XCSwiftPackageProductDependency;
			package = E7B002002F7D30000002P001 /* XCRemoteSwiftPackageReference "mlx-swift" */;
			productName = MLXNN;
		};
		E7B001012F7D30000001P003 /* MLXRandom */ = {
			isa = XCSwiftPackageProductDependency;
			package = E7B002002F7D30000002P001 /* XCRemoteSwiftPackageReference "mlx-swift" */;
			productName = MLXRandom;
		};
		E7B001012F7D30000001P004 /* MLXLMCommon */ = {
			isa = XCSwiftPackageProductDependency;
			package = E7B002002F7D30000002P002 /* XCRemoteSwiftPackageReference "mlx-swift-lm" */;
			productName = MLXLMCommon;
		};
		E7B001012F7D30000001P005 /* MLXLLM */ = {
			isa = XCSwiftPackageProductDependency;
			package = E7B002002F7D30000002P002 /* XCRemoteSwiftPackageReference "mlx-swift-lm" */;
			productName = MLXLLM;
		};
		E7B001012F7D30000001P006 /* MLXVLM */ = {
			isa = XCSwiftPackageProductDependency;
			package = E7B002002F7D30000002P002 /* XCRemoteSwiftPackageReference "mlx-swift-lm" */;
			productName = MLXVLM;
		};
		E7B001012F7D30000001P007 /* MLXFFT */ = {
			isa = XCSwiftPackageProductDependency;
			package = E7B002002F7D30000002P001 /* XCRemoteSwiftPackageReference "mlx-swift" */;
			productName = MLXFFT;
		};
		E7B001012F7D30000001P008 /* ZIPFoundation */ = {
			isa = XCSwiftPackageProductDependency;
			package = E7B002002F7D30000002P003 /* XCRemoteSwiftPackageReference "ZIPFoundation" */;
			productName = ZIPFoundation;
		};
		E7B001012F7D30000001P009 /* GRDB */ = {
			isa = XCSwiftPackageProductDependency;
			package = E7B002002F7D30000002P004 /* XCRemoteSwiftPackageReference "GRDB.swift" */;
			productName = GRDB;
		};
		E7B001012F7D30000001P010 /* MLXLMTokenizers */ = {
			isa = XCSwiftPackageProductDependency;
			package = E7B002002F7D30000002P005 /* XCRemoteSwiftPackageReference "swift-tokenizers-mlx" */;
			productName = MLXLMTokenizers;
		};
		E7B001012F7D30000001P011 /* Textual */ = {
			isa = XCSwiftPackageProductDependency;
			package = E7B002002F7D30000002P006 /* XCRemoteSwiftPackageReference "textual" */;
			productName = Textual;
		};
/* End XCSwiftPackageProductDependency section */
	};
	rootObject = E73069F82F7D21010061F6D5 /* Project object */;
}
